
Microsoft Visual Studio Solution File, Format Version 12.00
# Visual Studio Version 17
VisualStudioVersion = 17.0.31912.275
MinimumVisualStudioVersion = 10.0.40219.1
Project("{FAE04EC0-301F-11D3-BF4B-00C04F79EFBC}") = "220529PruebaTecnica", "220529PruebaTecnica.csproj", "{4C4B0A14-400A-42C8-9AC8-BBFB7BA48D10}"
EndProject
Global
	GlobalSection(SolutionConfigurationPlatforms) = preSolution
		Debug|Any CPU = Debug|Any CPU
		Release|Any CPU = Release|Any CPU
	EndGlobalSection
	GlobalSection(ProjectConfigurationPlatforms) = postSolution
		{4C4B0A14-400A-42C8-9AC8-BBFB7BA48D10}.Debug|Any CPU.ActiveCfg = Debug|Any CPU
		{4C4B0A14-400A-42C8-9AC8-BBFB7BA48D10}.Debug|Any CPU.Build.0 = Debug|Any CPU
		{4C4B0A14-400A-42C8-9AC8-BBFB7BA48D10}.Release|Any CPU.ActiveCfg = Release|Any CPU
		{4C4B0A14-400A-42C8-9AC8-BBFB7BA48D10}.Release|Any CPU.Build.0 = Release|Any CPU
	EndGlobalSection
	GlobalSection(SolutionProperties) = preSolution
		HideSolutionNode = FALSE
	EndGlobalSection
	GlobalSection(ExtensibilityGlobals) = postSolution
		SolutionGuid = {A33EA006-232A-411A-977D-22850AB9E5AE}
	EndGlobalSection
EndGlobal
